
Microsoft Visual Studio Solution File, Format Version 12.00
# Visual Studio Version 17
VisualStudioVersion = 17.9.34728.123
MinimumVisualStudioVersion = 10.0.40219.1
Project("{FAE04EC0-301F-11D3-BF4B-00C04F79EFBC}") = "Pagination_Template", "Pagination_Template\Pagination_Template.csproj", "{36FAD7D1-9230-4494-8D3B-C244D65B13B5}"
EndProject
Global
	GlobalSection(SolutionConfigurationPlatforms) = preSolution
		Debug|Any CPU = Debug|Any CPU
		Release|Any CPU = Release|Any CPU
	EndGlobalSection
	GlobalSection(ProjectConfigurationPlatforms) = postSolution
		{36FAD7D1-9230-4494-8D3B-C244D65B13B5}.Debug|Any CPU.ActiveCfg = Debug|Any CPU
		{36FAD7D1-9230-4494-8D3B-C244D65B13B5}.Debug|Any CPU.Build.0 = Debug|Any CPU
		{36FAD7D1-9230-4494-8D3B-C244D65B13B5}.Release|Any CPU.ActiveCfg = Release|Any CPU
		{36FAD7D1-9230-4494-8D3B-C244D65B13B5}.Release|Any CPU.Build.0 = Release|Any CPU
	EndGlobalSection
	GlobalSection(SolutionProperties) = preSolution
		HideSolutionNode = FALSE
	EndGlobalSection
	GlobalSection(ExtensibilityGlobals) = postSolution
		SolutionGuid = {AAFFBE7E-6BFA-443E-A4B2-39A10CDB2FB1}
	EndGlobalSection
EndGlobal
